
Microsoft Visual Studio Solution File, Format Version 12.00
# Visual Studio Version 16
VisualStudioVersion = 16.0.29021.104
MinimumVisualStudioVersion = 10.0.40219.1
Project("{2150E333-8FDC-42A3-9474-1A3956D46DE8}") = "src", "src", "{A563E683-79C0-4BBC-9D52-E0D53EE328FC}"
EndProject
Project("{2150E333-8FDC-42A3-9474-1A3956D46DE8}") = "test", "test", "{2F8A3136-12E4-4FEA-AF9D-E5AEA07AD57A}"
EndProject
Project("{9A19103F-16F7-4668-BE54-9A1E7A4F7556}") = "Corvinus.AspNetCore", "src\Corvinus.AspNetCore\src\Corvinus.AspNetCore.csproj", "{A38FD32A-4A76-4E28-A8BC-3536EEF7B664}"
EndProject
Project("{9A19103F-16F7-4668-BE54-9A1E7A4F7556}") = "Corvinus.AspNetCore.Test.Unit", "src\Corvinus.AspNetCore\tests\Corvinus.AspNetCore.Test.Unit\Corvinus.AspNetCore.Test.Unit.csproj", "{18DA95DF-4668-43AE-8621-5E3811FDDFFC}"
EndProject
Project("{2150E333-8FDC-42A3-9474-1A3956D46DE8}") = "common", "common", "{F62F59B3-AB67-4641-90BA-000556FF6A79}"
	ProjectSection(SolutionItems) = preProject
		common\CodeAnalysis.Src.ruleset = common\CodeAnalysis.Src.ruleset
		common\CodeAnalysis.Test.ruleset = common\CodeAnalysis.Test.ruleset
		common\CopyLibrary.ps1 = common\CopyLibrary.ps1
		common\Corvinus-Logo.png = common\Corvinus-Logo.png
		Directory.Build.props = Directory.Build.props
		Directory.Build.Test.props = Directory.Build.Test.props
		common\stylecop.json = common\stylecop.json
		common\xmldoc2md.ps1 = common\xmldoc2md.ps1
		common\xmldoc2md.xsl = common\xmldoc2md.xsl
	EndProjectSection
EndProject
Project("{9A19103F-16F7-4668-BE54-9A1E7A4F7556}") = "Corvinus.AspNetCore.Exceptions", "src\Corvinus.AspNetCore.Exceptions\src\Corvinus.AspNetCore.Exceptions.csproj", "{01D50BA4-AA41-42FA-AAEB-4D31D7FB25B7}"
EndProject
Project("{9A19103F-16F7-4668-BE54-9A1E7A4F7556}") = "Corvinus.AspNetCore.Exceptions.Test.Unit", "src\Corvinus.AspNetCore.Exceptions\tests\Corvinus.AspNetCore.Exceptions.Test.Unit\Corvinus.AspNetCore.Exceptions.Test.Unit.csproj", "{1168224E-DCAD-4529-A52B-09A27A15E99D}"
EndProject
Project("{9A19103F-16F7-4668-BE54-9A1E7A4F7556}") = "Corvinus.AspNetCore.Authentication.ApiKeys", "src\Corvinus.AspNetCore.Authentication.ApiKeys\src\Corvinus.AspNetCore.Authentication.ApiKeys.csproj", "{F8AD9211-CFD8-412B-A835-9DBC7B5E59DE}"
EndProject
Global
	GlobalSection(SolutionConfigurationPlatforms) = preSolution
		Debug|Any CPU = Debug|Any CPU
		Release|Any CPU = Release|Any CPU
	EndGlobalSection
	GlobalSection(ProjectConfigurationPlatforms) = postSolution
		{A38FD32A-4A76-4E28-A8BC-3536EEF7B664}.Debug|Any CPU.ActiveCfg = Debug|Any CPU
		{A38FD32A-4A76-4E28-A8BC-3536EEF7B664}.Debug|Any CPU.Build.0 = Debug|Any CPU
		{A38FD32A-4A76-4E28-A8BC-3536EEF7B664}.Release|Any CPU.ActiveCfg = Release|Any CPU
		{A38FD32A-4A76-4E28-A8BC-3536EEF7B664}.Release|Any CPU.Build.0 = Release|Any CPU
		{18DA95DF-4668-43AE-8621-5E3811FDDFFC}.Debug|Any CPU.ActiveCfg = Debug|Any CPU
		{18DA95DF-4668-43AE-8621-5E3811FDDFFC}.Debug|Any CPU.Build.0 = Debug|Any CPU
		{18DA95DF-4668-43AE-8621-5E3811FDDFFC}.Release|Any CPU.ActiveCfg = Release|Any CPU
		{18DA95DF-4668-43AE-8621-5E3811FDDFFC}.Release|Any CPU.Build.0 = Release|Any CPU
		{01D50BA4-AA41-42FA-AAEB-4D31D7FB25B7}.Debug|Any CPU.ActiveCfg = Debug|Any CPU
		{01D50BA4-AA41-42FA-AAEB-4D31D7FB25B7}.Debug|Any CPU.Build.0 = Debug|Any CPU
		{01D50BA4-AA41-42FA-AAEB-4D31D7FB25B7}.Release|Any CPU.ActiveCfg = Release|Any CPU
		{01D50BA4-AA41-42FA-AAEB-4D31D7FB25B7}.Release|Any CPU.Build.0 = Release|Any CPU
		{1168224E-DCAD-4529-A52B-09A27A15E99D}.Debug|Any CPU.ActiveCfg = Debug|Any CPU
		{1168224E-DCAD-4529-A52B-09A27A15E99D}.Debug|Any CPU.Build.0 = Debug|Any CPU
		{1168224E-DCAD-4529-A52B-09A27A15E99D}.Release|Any CPU.ActiveCfg = Release|Any CPU
		{1168224E-DCAD-4529-A52B-09A27A15E99D}.Release|Any CPU.Build.0 = Release|Any CPU
		{F8AD9211-CFD8-412B-A835-9DBC7B5E59DE}.Debug|Any CPU.ActiveCfg = Debug|Any CPU
		{F8AD9211-CFD8-412B-A835-9DBC7B5E59DE}.Debug|Any CPU.Build.0 = Debug|Any CPU
		{F8AD9211-CFD8-412B-A835-9DBC7B5E59DE}.Release|Any CPU.ActiveCfg = Release|Any CPU
		{F8AD9211-CFD8-412B-A835-9DBC7B5E59DE}.Release|Any CPU.Build.0 = Release|Any CPU
	EndGlobalSection
	GlobalSection(SolutionProperties) = preSolution
		HideSolutionNode = FALSE
	EndGlobalSection
	GlobalSection(NestedProjects) = preSolution
		{A38FD32A-4A76-4E28-A8BC-3536EEF7B664} = {A563E683-79C0-4BBC-9D52-E0D53EE328FC}
		{18DA95DF-4668-43AE-8621-5E3811FDDFFC} = {2F8A3136-12E4-4FEA-AF9D-E5AEA07AD57A}
		{01D50BA4-AA41-42FA-AAEB-4D31D7FB25B7} = {A563E683-79C0-4BBC-9D52-E0D53EE328FC}
		{1168224E-DCAD-4529-A52B-09A27A15E99D} = {2F8A3136-12E4-4FEA-AF9D-E5AEA07AD57A}
		{F8AD9211-CFD8-412B-A835-9DBC7B5E59DE} = {A563E683-79C0-4BBC-9D52-E0D53EE328FC}
	EndGlobalSection
	GlobalSection(ExtensibilityGlobals) = postSolution
		SolutionGuid = {7813B8D7-67B6-4833-B513-17DE59E8DC4B}
	EndGlobalSection
EndGlobal
